
Microsoft Visual Studio Solution File, Format Version 12.00
# Visual Studio Version 16
VisualStudioVersion = 16.0.31702.278
MinimumVisualStudioVersion = 10.0.40219.1
Project("{FAE04EC0-301F-11D3-BF4B-00C04F79EFBC}") = "BalLibrary", "BalLibrary.csproj", "{C221FC0F-2C9B-4887-AA96-AFA9FA54EAAA}"
EndProject
Project("{FAE04EC0-301F-11D3-BF4B-00C04F79EFBC}") = "DalLibrary", "..\DalLibrary\DalLibrary.csproj", "{3FC6BCA3-5256-4653-8F16-265FE1DBB03E}"
EndProject
Project("{FAE04EC0-301F-11D3-BF4B-00C04F79EFBC}") = "ProjectWebApplication", "..\ProjectWebApplication\ProjectWebApplication.csproj", "{520D6FC9-9499-40AE-80EB-D69DF571F07C}"
EndProject
Global
	GlobalSection(SolutionConfigurationPlatforms) = preSolution
		Debug|Any CPU = Debug|Any CPU
		Release|Any CPU = Release|Any CPU
	EndGlobalSection
	GlobalSection(ProjectConfigurationPlatforms) = postSolution
		{C221FC0F-2C9B-4887-AA96-AFA9FA54EAAA}.Debug|Any CPU.ActiveCfg = Debug|Any CPU
		{C221FC0F-2C9B-4887-AA96-AFA9FA54EAAA}.Debug|Any CPU.Build.0 = Debug|Any CPU
		{C221FC0F-2C9B-4887-AA96-AFA9FA54EAAA}.Release|Any CPU.ActiveCfg = Release|Any CPU
		{C221FC0F-2C9B-4887-AA96-AFA9FA54EAAA}.Release|Any CPU.Build.0 = Release|Any CPU
		{3FC6BCA3-5256-4653-8F16-265FE1DBB03E}.Debug|Any CPU.ActiveCfg = Debug|Any CPU
		{3FC6BCA3-5256-4653-8F16-265FE1DBB03E}.Debug|Any CPU.Build.0 = Debug|Any CPU
		{3FC6BCA3-5256-4653-8F16-265FE1DBB03E}.Release|Any CPU.ActiveCfg = Release|Any CPU
		{3FC6BCA3-5256-4653-8F16-265FE1DBB03E}.Release|Any CPU.Build.0 = Release|Any CPU
		{520D6FC9-9499-40AE-80EB-D69DF571F07C}.Debug|Any CPU.ActiveCfg = Debug|Any CPU
		{520D6FC9-9499-40AE-80EB-D69DF571F07C}.Debug|Any CPU.Build.0 = Debug|Any CPU
		{520D6FC9-9499-40AE-80EB-D69DF571F07C}.Release|Any CPU.ActiveCfg = Release|Any CPU
		{520D6FC9-9499-40AE-80EB-D69DF571F07C}.Release|Any CPU.Build.0 = Release|Any CPU
	EndGlobalSection
	GlobalSection(SolutionProperties) = preSolution
		HideSolutionNode = FALSE
	EndGlobalSection
	GlobalSection(ExtensibilityGlobals) = postSolution
		SolutionGuid = {C22E2365-BA26-47B9-A5B5-451A926ED828}
	EndGlobalSection
EndGlobal
